// !$*UTF8*$!
{
	archiveVersion = 1;
	classes = {
	};
	objectVersion = 46;
	objects = {

/* Begin PBXBuildFile section */
		01F99C3D19933FA8009ECD15 /* Foundation.framework in Frameworks */ = {isa = PBXBuildFile; fileRef = 01F99C3C19933FA8009ECD15 /* Foundation.framework */; };
		01F99C3F19933FA8009ECD15 /* CoreGraphics.framework in Frameworks */ = {isa = PBXBuildFile; fileRef = 01F99C3E19933FA8009ECD15 /* CoreGraphics.framework */; };
		01F99C4119933FA8009ECD15 /* UIKit.framework in Frameworks */ = {isa = PBXBuildFile; fileRef = 01F99C4019933FA8009ECD15 /* UIKit.framework */; };
		01F99C4719933FA8009ECD15 /* InfoPlist.strings in Resources */ = {isa = PBXBuildFile; fileRef = 01F99C4519933FA8009ECD15 /* InfoPlist.strings */; };
		01F99C4919933FA8009ECD15 /* main.m in Sources */ = {isa = PBXBuildFile; fileRef = 01F99C4819933FA8009ECD15 /* main.m */; };
		01F99C4D19933FA8009ECD15 /* NPAppDelegate.m in Sources */ = {isa = PBXBuildFile; fileRef = 01F99C4C19933FA8009ECD15 /* NPAppDelegate.m */; };
		01F99C5019933FA8009ECD15 /* Main.storyboard in Resources */ = {isa = PBXBuildFile; fileRef = 01F99C4E19933FA8009ECD15 /* Main.storyboard */; };
		01F99C5519933FA8009ECD15 /* Images.xcassets in Resources */ = {isa = PBXBuildFile; fileRef = 01F99C5419933FA8009ECD15 /* Images.xcassets */; };
		01F99C5C19933FA8009ECD15 /* XCTest.framework in Frameworks */ = {isa = PBXBuildFile; fileRef = 01F99C5B19933FA8009ECD15 /* XCTest.framework */; };
		01F99C5D19933FA8009ECD15 /* Foundation.framework in Frameworks */ = {isa = PBXBuildFile; fileRef = 01F99C3C19933FA8009ECD15 /* Foundation.framework */; };
		01F99C5E19933FA8009ECD15 /* UIKit.framework in Frameworks */ = {isa = PBXBuildFile; fileRef = 01F99C4019933FA8009ECD15 /* UIKit.framework */; };
		01F99C6619933FA8009ECD15 /* InfoPlist.strings in Resources */ = {isa = PBXBuildFile; fileRef = 01F99C6419933FA8009ECD15 /* InfoPlist.strings */; };
		01F99C6819933FA8009ECD15 /* NPReorderableTableViewTests.m in Sources */ = {isa = PBXBuildFile; fileRef = 01F99C6719933FA8009ECD15 /* NPReorderableTableViewTests.m */; };
		01F99C7619933FE1009ECD15 /* NPReorderableTableView.m in Sources */ = {isa = PBXBuildFile; fileRef = 01F99C7319933FE1009ECD15 /* NPReorderableTableView.m */; };
		01F99C7719933FE1009ECD15 /* NPViewController.m in Sources */ = {isa = PBXBuildFile; fileRef = 01F99C7519933FE1009ECD15 /* NPViewController.m */; };
/* End PBXBuildFile section */

/* Begin PBXContainerItemProxy section */
		01F99C5F19933FA8009ECD15 /* PBXContainerItemProxy */ = {
			isa = PBXContainerItemProxy;
			containerPortal = 01F99C3119933FA8009ECD15 /* Project object */;
			proxyType = 1;
			remoteGlobalIDString = 01F99C3819933FA8009ECD15;
			remoteInfo = NPReorderableTableView;
		};
/* End PBXContainerItemProxy section */

/* Begin PBXFileReference section */
		01F99C3919933FA8009ECD15 /* NPReorderableTableView.app */ = {isa = PBXFileReference; explicitFileType = wrapper.application; includeInIndex = 0; path = NPReorderableTableView.app; sourceTree = BUILT_PRODUCTS_DIR; };
		01F99C3C19933FA8009ECD15 /* Foundation.framework */ = {isa = PBXFileReference; lastKnownFileType = wrapper.framework; name = Foundation.framework; path = System/Library/Frameworks/Foundation.framework; sourceTree = SDKROOT; };
		01F99C3E19933FA8009ECD15 /* CoreGraphics.framework */ = {isa = PBXFileReference; lastKnownFileType = wrapper.framework; name = CoreGraphics.framework; path = System/Library/Frameworks/CoreGraphics.framework; sourceTree = SDKROOT; };
		01F99C4019933FA8009ECD15 /* UIKit.framework */ = {isa = PBXFileReference; lastKnownFileType = wrapper.framework; name = UIKit.framework; path = System/Library/Frameworks/UIKit.framework; sourceTree = SDKROOT; };
		01F99C4419933FA8009ECD15 /* NPReorderableTableView-Info.plist */ = {isa = PBXFileReference; lastKnownFileType = text.plist.xml; path = "NPReorderableTableView-Info.plist"; sourceTree = "<group>"; };
		01F99C4619933FA8009ECD15 /* en */ = {isa = PBXFileReference; lastKnownFileType = text.plist.strings; name = en; path = en.lproj/InfoPlist.strings; sourceTree = "<group>"; };
		01F99C4819933FA8009ECD15 /* main.m */ = {isa = PBXFileReference; lastKnownFileType = sourcecode.c.objc; path = main.m; sourceTree = "<group>"; };
		01F99C4A19933FA8009ECD15 /* NPReorderableTableView-Prefix.pch */ = {isa = PBXFileReference; lastKnownFileType = sourcecode.c.h; path = "NPReorderableTableView-Prefix.pch"; sourceTree = "<group>"; };
		01F99C4B19933FA8009ECD15 /* NPAppDelegate.h */ = {isa = PBXFileReference; lastKnownFileType = sourcecode.c.h; path = NPAppDelegate.h; sourceTree = "<group>"; };
		01F99C4C19933FA8009ECD15 /* NPAppDelegate.m */ = {isa = PBXFileReference; lastKnownFileType = sourcecode.c.objc; path = NPAppDelegate.m; sourceTree = "<group>"; };
		01F99C4F19933FA8009ECD15 /* Base */ = {isa = PBXFileReference; lastKnownFileType = file.storyboard; name = Base; path = Base.lproj/Main.storyboard; sourceTree = "<group>"; };
		01F99C5419933FA8009ECD15 /* Images.xcassets */ = {isa = PBXFileReference; lastKnownFileType = folder.assetcatalog; path = Images.xcassets; sourceTree = "<group>"; };
		01F99C5A19933FA8009ECD15 /* NPReorderableTableViewTests.xctest */ = {isa = PBXFileReference; explicitFileType = wrapper.cfbundle; includeInIndex = 0; path = NPReorderableTableViewTests.xctest; sourceTree = BUILT_PRODUCTS_DIR; };
		01F99C5B19933FA8009ECD15 /* XCTest.framework */ = {isa = PBXFileReference; lastKnownFileType = wrapper.framework; name = XCTest.framework; path = Library/Frameworks/XCTest.framework; sourceTree = DEVELOPER_DIR; };
		01F99C6319933FA8009ECD15 /* NPReorderableTableViewTests-Info.plist */ = {isa = PBXFileReference; lastKnownFileType = text.plist.xml; path = "NPReorderableTableViewTests-Info.plist"; sourceTree = "<group>"; };
		01F99C6519933FA8009ECD15 /* en */ = {isa = PBXFileReference; lastKnownFileType = text.plist.strings; name = en; path = en.lproj/InfoPlist.strings; sourceTree = "<group>"; };
		01F99C6719933FA8009ECD15 /* NPReorderableTableViewTests.m */ = {isa = PBXFileReference; lastKnownFileType = sourcecode.c.objc; path = NPReorderableTableViewTests.m; sourceTree = "<group>"; };
		01F99C7219933FE1009ECD15 /* NPReorderableTableView.h */ = {isa = PBXFileReference; fileEncoding = 4; lastKnownFileType = sourcecode.c.h; path = NPReorderableTableView.h; sourceTree = "<group>"; };
		01F99C7319933FE1009ECD15 /* NPReorderableTableView.m */ = {isa = PBXFileReference; fileEncoding = 4; lastKnownFileType = sourcecode.c.objc; path = NPReorderableTableView.m; sourceTree = "<group>"; };
		01F99C7419933FE1009ECD15 /* NPViewController.h */ = {isa = PBXFileReference; fileEncoding = 4; lastKnownFileType = sourcecode.c.h; path = NPViewController.h; sourceTree = "<group>"; };
		01F99C7519933FE1009ECD15 /* NPViewController.m */ = {isa = PBXFileReference; fileEncoding = 4; lastKnownFileType = sourcecode.c.objc; path = NPViewController.m; sourceTree = "<group>"; };
/* End PBXFileReference section */

/* Begin PBXFrameworksBuildPhase section */
		01F99C3619933FA8009ECD15 /* Frameworks */ = {
			isa = PBXFrameworksBuildPhase;
			buildActionMask = 2147483647;
			files = (
				01F99C3F19933FA8009ECD15 /* CoreGraphics.framework in Frameworks */,
				01F99C4119933FA8009ECD15 /* UIKit.framework in Frameworks */,
				01F99C3D19933FA8009ECD15 /* Foundation.framework in Frameworks */,
			);
			runOnlyForDeploymentPostprocessing = 0;
		};
		01F99C5719933FA8009ECD15 /* Frameworks */ = {
			isa = PBXFrameworksBuildPhase;
			buildActionMask = 2147483647;
			files = (
				01F99C5C19933FA8009ECD15 /* XCTest.framework in Frameworks */,
				01F99C5E19933FA8009ECD15 /* UIKit.framework in Frameworks */,
				01F99C5D19933FA8009ECD15 /* Foundation.framework in Frameworks */,
			);
			runOnlyForDeploymentPostprocessing = 0;
		};
/* End PBXFrameworksBuildPhase section */

/* Begin PBXGroup section */
		01F99C3019933FA8009ECD15 = {
			isa = PBXGroup;
			children = (
				01F99C4219933FA8009ECD15 /* NPReorderableTableView */,
				01F99C6119933FA8009ECD15 /* NPReorderableTableViewTests */,
				01F99C3B19933FA8009ECD15 /* Frameworks */,
				01F99C3A19933FA8009ECD15 /* Products */,
			);
			sourceTree = "<group>";
		};
		01F99C3A19933FA8009ECD15 /* Products */ = {
			isa = PBXGroup;
			children = (
				01F99C3919933FA8009ECD15 /* NPReorderableTableView.app */,
				01F99C5A19933FA8009ECD15 /* NPReorderableTableViewTests.xctest */,
			);
			name = Products;
			sourceTree = "<group>";
		};
		01F99C3B19933FA8009ECD15 /* Frameworks */ = {
			isa = PBXGroup;
			children = (
				01F99C3C19933FA8009ECD15 /* Foundation.framework */,
				01F99C3E19933FA8009ECD15 /* CoreGraphics.framework */,
				01F99C4019933FA8009ECD15 /* UIKit.framework */,
				01F99C5B19933FA8009ECD15 /* XCTest.framework */,
			);
			name = Frameworks;
			sourceTree = "<group>";
		};
		01F99C4219933FA8009ECD15 /* NPReorderableTableView */ = {
			isa = PBXGroup;
			children = (
				01F99C5419933FA8009ECD15 /* Images.xcassets */,
				01F99C4E19933FA8009ECD15 /* Main.storyboard */,
				01F99C4B19933FA8009ECD15 /* NPAppDelegate.h */,
				01F99C4C19933FA8009ECD15 /* NPAppDelegate.m */,
				01F99C7219933FE1009ECD15 /* NPReorderableTableView.h */,
				01F99C7319933FE1009ECD15 /* NPReorderableTableView.m */,
				01F99C7419933FE1009ECD15 /* NPViewController.h */,
				01F99C7519933FE1009ECD15 /* NPViewController.m */,
				01F99C4319933FA8009ECD15 /* Supporting Files */,
			);
			path = NPReorderableTableView;
			sourceTree = "<group>";
		};
		01F99C4319933FA8009ECD15 /* Supporting Files */ = {
			isa = PBXGroup;
			children = (
				01F99C4419933FA8009ECD15 /* NPReorderableTableView-Info.plist */,
				01F99C4519933FA8009ECD15 /* InfoPlist.strings */,
				01F99C4819933FA8009ECD15 /* main.m */,
				01F99C4A19933FA8009ECD15 /* NPReorderableTableView-Prefix.pch */,
			);
			name = "Supporting Files";
			sourceTree = "<group>";
		};
		01F99C6119933FA8009ECD15 /* NPReorderableTableViewTests */ = {
			isa = PBXGroup;
			children = (
				01F99C6719933FA8009ECD15 /* NPReorderableTableViewTests.m */,
				01F99C6219933FA8009ECD15 /* Supporting Files */,
			);
			path = NPReorderableTableViewTests;
			sourceTree = "<group>";
		};
		01F99C6219933FA8009ECD15 /* Supporting Files */ = {
			isa = PBXGroup;
			children = (
				01F99C6319933FA8009ECD15 /* NPReorderableTableViewTests-Info.plist */,
				01F99C6419933FA8009ECD15 /* InfoPlist.strings */,
			);
			name = "Supporting Files";
			sourceTree = "<group>";
		};
/* End PBXGroup section */

/* Begin PBXNativeTarget section */
		01F99C3819933FA8009ECD15 /* NPReorderableTableView */ = {
			isa = PBXNativeTarget;
			buildConfigurationList = 01F99C6B19933FA8009ECD15 /* Build configuration list for PBXNativeTarget "NPReorderableTableView" */;
			buildPhases = (
				01F99C3519933FA8009ECD15 /* Sources */,
				01F99C3619933FA8009ECD15 /* Frameworks */,
				01F99C3719933FA8009ECD15 /* Resources */,
			);
			buildRules = (
			);
			dependencies = (
			);
			name = NPReorderableTableView;
			productName = NPReorderableTableView;
			productReference = 01F99C3919933FA8009ECD15 /* NPReorderableTableView.app */;
			productType = "com.apple.product-type.application";
		};
		01F99C5919933FA8009ECD15 /* NPReorderableTableViewTests */ = {
			isa = PBXNativeTarget;
			buildConfigurationList = 01F99C6E19933FA8009ECD15 /* Build configuration list for PBXNativeTarget "NPReorderableTableViewTests" */;
			buildPhases = (
				01F99C5619933FA8009ECD15 /* Sources */,
				01F99C5719933FA8009ECD15 /* Frameworks */,
				01F99C5819933FA8009ECD15 /* Resources */,
			);
			buildRules = (
			);
			dependencies = (
				01F99C6019933FA8009ECD15 /* PBXTargetDependency */,
			);
			name = NPReorderableTableViewTests;
			productName = NPReorderableTableViewTests;
			productReference = 01F99C5A19933FA8009ECD15 /* NPReorderableTableViewTests.xctest */;
			productType = "com.apple.product-type.bundle.unit-test";
		};
/* End PBXNativeTarget section */

/* Begin PBXProject section */
		01F99C3119933FA8009ECD15 /* Project object */ = {
			isa = PBXProject;
			attributes = {
				CLASSPREFIX = NP;
				LastUpgradeCheck = 0510;
				ORGANIZATIONNAME = "Nicholas Peterson";
				TargetAttributes = {
					01F99C5919933FA8009ECD15 = {
						TestTargetID = 01F99C3819933FA8009ECD15;
					};
				};
			};
			buildConfigurationList = 01F99C3419933FA8009ECD15 /* Build configuration list for PBXProject "NPReorderableTableView" */;
			compatibilityVersion = "Xcode 3.2";
			developmentRegion = English;
			hasScannedForEncodings = 0;
			knownRegions = (
				en,
				Base,
			);
			mainGroup = 01F99C3019933FA8009ECD15;
			productRefGroup = 01F99C3A19933FA8009ECD15 /* Products */;
			projectDirPath = "";
			projectRoot = "";
			targets = (
				01F99C3819933FA8009ECD15 /* NPReorderableTableView */,
				01F99C5919933FA8009ECD15 /* NPReorderableTableViewTests */,
			);
		};
/* End PBXProject section */

/* Begin PBXResourcesBuildPhase section */
		01F99C3719933FA8009ECD15 /* Resources */ = {
			isa = PBXResourcesBuildPhase;
			buildActionMask = 2147483647;
			files = (
				01F99C5519933FA8009ECD15 /* Images.xcassets in Resources */,
				01F99C4719933FA8009ECD15 /* InfoPlist.strings in Resources */,
				01F99C5019933FA8009ECD15 /* Main.storyboard in Resources */,
			);
			runOnlyForDeploymentPostprocessing = 0;
		};
		01F99C5819933FA8009ECD15 /* Resources */ = {
			isa = PBXResourcesBuildPhase;
			buildActionMask = 2147483647;
			files = (
				01F99C6619933FA8009ECD15 /* InfoPlist.strings in Resources */,
			);
			runOnlyForDeploymentPostprocessing = 0;
		};
/* End PBXResourcesBuildPhase section */

/* Begin PBXSourcesBuildPhase section */
		01F99C3519933FA8009ECD15 /* Sources */ = {
			isa = PBXSourcesBuildPhase;
			buildActionMask = 2147483647;
			files = (
				01F99C4D19933FA8009ECD15 /* NPAppDelegate.m in Sources */,
				01F99C7619933FE1009ECD15 /* NPReorderableTableView.m in Sources */,
				01F99C7719933FE1009ECD15 /* NPViewController.m in Sources */,
				01F99C4919933FA8009ECD15 /* main.m in Sources */,
			);
			runOnlyForDeploymentPostprocessing = 0;
		};
		01F99C5619933FA8009ECD15 /* Sources */ = {
			isa = PBXSourcesBuildPhase;
			buildActionMask = 2147483647;
			files = (
				01F99C6819933FA8009ECD15 /* NPReorderableTableViewTests.m in Sources */,
			);
			runOnlyForDeploymentPostprocessing = 0;
		};
/* End PBXSourcesBuildPhase section */

/* Begin PBXTargetDependency section */
		01F99C6019933FA8009ECD15 /* PBXTargetDependency */ = {
			isa = PBXTargetDependency;
			target = 01F99C3819933FA8009ECD15 /* NPReorderableTableView */;
			targetProxy = 01F99C5F19933FA8009ECD15 /* PBXContainerItemProxy */;
		};
/* End PBXTargetDependency section */

/* Begin PBXVariantGroup section */
		01F99C4519933FA8009ECD15 /* InfoPlist.strings */ = {
			isa = PBXVariantGroup;
			children = (
				01F99C4619933FA8009ECD15 /* en */,
			);
			name = InfoPlist.strings;
			sourceTree = "<group>";
		};
		01F99C4E19933FA8009ECD15 /* Main.storyboard */ = {
			isa = PBXVariantGroup;
			children = (
				01F99C4F19933FA8009ECD15 /* Base */,
			);
			name = Main.storyboard;
			sourceTree = "<group>";
		};
		01F99C6419933FA8009ECD15 /* InfoPlist.strings */ = {
			isa = PBXVariantGroup;
			children = (
				01F99C6519933FA8009ECD15 /* en */,
			);
			name = InfoPlist.strings;
			sourceTree = "<group>";
		};
/* End PBXVariantGroup section */

/* Begin XCBuildConfiguration section */
		01F99C6919933FA8009ECD15 /* Debug */ = {
			isa = XCBuildConfiguration;
			buildSettings = {
				ALWAYS_SEARCH_USER_PATHS = NO;
				CLANG_CXX_LANGUAGE_STANDARD = "gnu++0x";
				CLANG_CXX_LIBRARY = "libc++";
				CLANG_ENABLE_MODULES = YES;
				CLANG_ENABLE_OBJC_ARC = YES;
				CLANG_WARN_BOOL_CONVERSION = YES;
				CLANG_WARN_CONSTANT_CONVERSION = YES;
				CLANG_WARN_DIRECT_OBJC_ISA_USAGE = YES_ERROR;
				CLANG_WARN_EMPTY_BODY = YES;
				CLANG_WARN_ENUM_CONVERSION = YES;
				CLANG_WARN_INT_CONVERSION = YES;
				CLANG_WARN_OBJC_ROOT_CLASS = YES_ERROR;
				CLANG_WARN__DUPLICATE_METHOD_MATCH = YES;
				"CODE_SIGN_IDENTITY[sdk=iphoneos*]" = "iPhone Developer";
				COPY_PHASE_STRIP = NO;
				GCC_C_LANGUAGE_STANDARD = gnu99;
				GCC_DYNAMIC_NO_PIC = NO;
				GCC_OPTIMIZATION_LEVEL = 0;
				GCC_PREPROCESSOR_DEFINITIONS = (
					"DEBUG=1",
					"$(inherited)",
				);
				GCC_SYMBOLS_PRIVATE_EXTERN = NO;
				GCC_WARN_64_TO_32_BIT_CONVERSION = YES;
				GCC_WARN_ABOUT_RETURN_TYPE = YES_ERROR;
				GCC_WARN_UNDECLARED_SELECTOR = YES;
				GCC_WARN_UNINITIALIZED_AUTOS = YES_AGGRESSIVE;
				GCC_WARN_UNUSED_FUNCTION = YES;
				GCC_WARN_UNUSED_VARIABLE = YES;
				IPHONEOS_DEPLOYMENT_TARGET = 7.1;
				ONLY_ACTIVE_ARCH = YES;
				SDKROOT = iphoneos;
			};
			name = Debug;
		};
		01F99C6A19933FA8009ECD15 /* Release */ = {
			isa = XCBuildConfiguration;
			buildSettings = {
				ALWAYS_SEARCH_USER_PATHS = NO;
				CLANG_CXX_LANGUAGE_STANDARD = "gnu++0x";
				CLANG_CXX_LIBRARY = "libc++";
				CLANG_ENABLE_MODULES = YES;
				CLANG_ENABLE_OBJC_ARC = YES;
				CLANG_WARN_BOOL_CONVERSION = YES;
				CLANG_WARN_CONSTANT_CONVERSION = YES;
				CLANG_WARN_DIRECT_OBJC_ISA_USAGE = YES_ERROR;
				CLANG_WARN_EMPTY_BODY = YES;
				CLANG_WARN_ENUM_CONVERSION = YES;
				CLANG_WARN_INT_CONVERSION = YES;
				CLANG_WARN_OBJC_ROOT_CLASS = YES_ERROR;
				CLANG_WARN__DUPLICATE_METHOD_MATCH = YES;
				"CODE_SIGN_IDENTITY[sdk=iphoneos*]" = "iPhone Developer";
				COPY_PHASE_STRIP = YES;
				ENABLE_NS_ASSERTIONS = NO;
				GCC_C_LANGUAGE_STANDARD = gnu99;
				GCC_WARN_64_TO_32_BIT_CONVERSION = YES;
				GCC_WARN_ABOUT_RETURN_TYPE = YES_ERROR;
				GCC_WARN_UNDECLARED_SELECTOR = YES;
				GCC_WARN_UNINITIALIZED_AUTOS = YES_AGGRESSIVE;
				GCC_WARN_UNUSED_FUNCTION = YES;
				GCC_WARN_UNUSED_VARIABLE = YES;
				IPHONEOS_DEPLOYMENT_TARGET = 7.1;
				SDKROOT = iphoneos;
				VALIDATE_PRODUCT = YES;
			};
			name = Release;
		};
		01F99C6C19933FA8009ECD15 /* Debug */ = {
			isa = XCBuildConfiguration;
			buildSettings = {
				ASSETCATALOG_COMPILER_APPICON_NAME = AppIcon;
				ASSETCATALOG_COMPILER_LAUNCHIMAGE_NAME = LaunchImage;
				GCC_PRECOMPILE_PREFIX_HEADER = YES;
				GCC_PREFIX_HEADER = "NPReorderableTableView/NPReorderableTableView-Prefix.pch";
				INFOPLIST_FILE = "NPReorderableTableView/NPReorderableTableView-Info.plist";
				PRODUCT_NAME = "$(TARGET_NAME)";
				WRAPPER_EXTENSION = app;
			};
			name = Debug;
		};
		01F99C6D19933FA8009ECD15 /* Release */ = {
			isa = XCBuildConfiguration;
			buildSettings = {
				ASSETCATALOG_COMPILER_APPICON_NAME = AppIcon;
				ASSETCATALOG_COMPILER_LAUNCHIMAGE_NAME = LaunchImage;
				GCC_PRECOMPILE_PREFIX_HEADER = YES;
				GCC_PREFIX_HEADER = "NPReorderableTableView/NPReorderableTableView-Prefix.pch";
				INFOPLIST_FILE = "NPReorderableTableView/NPReorderableTableView-Info.plist";
				PRODUCT_NAME = "$(TARGET_NAME)";
				WRAPPER_EXTENSION = app;
			};
			name = Release;
		};
		01F99C6F19933FA8009ECD15 /* Debug */ = {
			isa = XCBuildConfiguration;
			buildSettings = {
				BUNDLE_LOADER = "$(BUILT_PRODUCTS_DIR)/NPReorderableTableView.app/NPReorderableTableView";
				FRAMEWORK_SEARCH_PATHS = (
					"$(SDKROOT)/Developer/Library/Frameworks",
					"$(inherited)",
					"$(DEVELOPER_FRAMEWORKS_DIR)",
				);
				GCC_PRECOMPILE_PREFIX_HEADER = YES;
				GCC_PREFIX_HEADER = "NPReorderableTableView/NPReorderableTableView-Prefix.pch";
				GCC_PREPROCESSOR_DEFINITIONS = (
					"DEBUG=1",
					"$(inherited)",
				);
				INFOPLIST_FILE = "NPReorderableTableViewTests/NPReorderableTableViewTests-Info.plist";
				PRODUCT_NAME = "$(TARGET_NAME)";
				TEST_HOST = "$(BUNDLE_LOADER)";
				WRAPPER_EXTENSION = xctest;
			};
			name = Debug;
		};
		01F99C7019933FA8009ECD15 /* Release */ = {
			isa = XCBuildConfiguration;
			buildSettings = {
				BUNDLE_LOADER = "$(BUILT_PRODUCTS_DIR)/NPReorderableTableView.app/NPReorderableTableView";
				FRAMEWORK_SEARCH_PATHS = (
					"$(SDKROOT)/Developer/Library/Frameworks",
					"$(inherited)",
					"$(DEVELOPER_FRAMEWORKS_DIR)",
				);
				GCC_PRECOMPILE_PREFIX_HEADER = YES;
				GCC_PREFIX_HEADER = "NPReorderableTableView/NPReorderableTableView-Prefix.pch";
				INFOPLIST_FILE = "NPReorderableTableViewTests/NPReorderableTableViewTests-Info.plist";
				PRODUCT_NAME = "$(TARGET_NAME)";
				TEST_HOST = "$(BUNDLE_LOADER)";
				WRAPPER_EXTENSION = xctest;
			};
			name = Release;
		};
/* End XCBuildConfiguration section */

/* Begin XCConfigurationList section */
		01F99C3419933FA8009ECD15 /* Build configuration list for PBXProject "NPReorderableTableView" */ = {
			isa = XCConfigurationList;
			buildConfigurations = (
				01F99C6919933FA8009ECD15 /* Debug */,
				01F99C6A19933FA8009ECD15 /* Release */,
			);
			defaultConfigurationIsVisible = 0;
			defaultConfigurationName = Release;
		};
		01F99C6B19933FA8009ECD15 /* Build configuration list for PBXNativeTarget "NPReorderableTableView" */ = {
			isa = XCConfigurationList;
			buildConfigurations = (
				01F99C6C19933FA8009ECD15 /* Debug */,
				01F99C6D19933FA8009ECD15 /* Release */,
			);
			defaultConfigurationIsVisible = 0;
		};
		01F99C6E19933FA8009ECD15 /* Build configuration list for PBXNativeTarget "NPReorderableTableViewTests" */ = {
			isa = XCConfigurationList;
			buildConfigurations = (
				01F99C6F19933FA8009ECD15 /* Debug */,
				01F99C7019933FA8009ECD15 /* Release */,
			);
			defaultConfigurationIsVisible = 0;
		};
/* End XCConfigurationList section */
	};
	rootObject = 01F99C3119933FA8009ECD15 /* Project object */;
}
